{
  "name": "github-action-adventures",
  "version": "1.0.0",
  "lockfileVersion": 3,
  "requires": true,
  "packages": {
    "": {
      "name": "github-action-adventures",
      "version": "1.0.0",
      "license": "ISC",
      "dependencies": {
        "@github/issue-parser": "github:github/issue-parser#7bd5b274501f9e2c621ae8cc1418c63afcfda1e5"
      }
    },
    "node_modules/@github/issue-parser": {
      "version": "2.0.0",
      "resolved": "git+ssh://git@github.com/github/issue-parser.git#7bd5b274501f9e2c621ae8cc1418c63afcfda1e5",
      "integrity": "sha512-SkJmGMdL4NVFmfN+0QxLtHDLPqE0oZnTkMb60jTZs8BlX0+SmjsX0lLpVXX19WxliXNKmXo7dXRN0FzUDNN48Q==",
      "license": "MIT",
      "dependencies": {
        "yaml": "^2.6.0"
      },
      "engines": {
        "node": ">=20"
      }
    },
    "node_modules/yaml": {
      "version": "2.9.1",
      "resolved": "https://registry.npmjs.org/yaml/-/yaml-2.9.1.tgz",
      "integrity": "sha512-3NxN8+78OdzbT7C/WjGsyfPAtJaN3FNDsWxv7Y7mcDsT/oOmgW8BpyQQFFBnvZE3j9Y2Sdz1ULFLezL7Eb2yFw==",
      "license": "ISC",
      "bin": {
        "yaml": "bin.mjs"
      },
      "engines": {
        "node": ">= 14.6"
      },
      "funding": {
        "url": "https://github.com/sponsors/eemeli"
      }
    }
  }
}
